PODS:
  - AFNetworking (3.1.0):
    - AFNetworking/NSURLSession (= 3.1.0)
    - AFNetworking/Reachability (= 3.1.0)
    - AFNetworking/Security (= 3.1.0)
    - AFNetworking/Serialization (= 3.1.0)
    - AFNetworking/UIKit (= 3.1.0)
  - AFNetworking/NSURLSession (3.1.0):
    - AFNetworking/Reachability
    - AFNetworking/Security
    - AFNetworking/Serialization
  - AFNetworking/Reachability (3.1.0)
  - AFNetworking/Security (3.1.0)
  - AFNetworking/Serialization (3.1.0)
  - AFNetworking/UIKit (3.1.0):
    - AFNetworking/NSURLSession
  - CocoaAsyncSocket (7.6.2)
  - CocoaUPnP (1.1.0):
    - AFNetworking (~> 3)
    - CocoaAsyncSocket (~> 7.5)
    - GCDWebServer (~> 3)
    - Ono (~> 1.2)
  - GCDWebServer (3.4.2):
    - GCDWebServer/Core (= 3.4.2)
  - GCDWebServer/Core (3.4.2)
  - Kingfisher (4.1.0)
  - Ono (1.2.2)
  - PopOverMenu (2.0.2)
  - PryntTrimmerView (2.0.0)
  - SlideMenuControllerSwift (3.0.2)
  - SnapKit (4.0.0)
  - SwiftDate (4.5.1)
  - SwiftyJSON (4.0.0)

DEPENDENCIES:
  - CocoaUPnP
  - Kingfisher (~> 4.1)
  - PopOverMenu (~> 2.0)
  - PryntTrimmerView (~> 2.0)
  - SlideMenuControllerSwift (from `https://github.com/dekatotoro/SlideMenuControllerSwift`, branch `swift4`)
  - SnapKit (~> 4.0)
  - SwiftDate (~> 4.5)
  - SwiftyJSON

EXTERNAL SOURCES:
  SlideMenuControllerSwift:
    :branch: swift4
    :git: https://github.com/dekatotoro/SlideMenuControllerSwift

CHECKOUT OPTIONS:
  SlideMenuControllerSwift:
    :commit: 88ed3c28b17fdbb194dfa8b2c8e37c742c0b78a7
    :git: https://github.com/dekatotoro/SlideMenuControllerSwift

SPEC CHECKSUMS:
  AFNetworking: 5e0e199f73d8626b11e79750991f5d173d1f8b67
  CocoaAsyncSocket: 3541e024f48c54b251638ef72d51dd42808de932
  CocoaUPnP: 482b3863f73d7a322ae4ad4b1be4ba5bb8c38f88
  GCDWebServer: 8d67ee9f634b4bb91eb4b8aee440318a5fc6debd
  Kingfisher: f14df8cbe576bf55f211fa589e9869bceb4ea87d
  Ono: 80b1c686777d3f6d5d5ce6fcac8a74afef4ca197
  PopOverMenu: db449cc60fb314ff66d645ecdd826edcc2d4feb9
  PryntTrimmerView: 3af9f84875d347b9a131501b3695abf94b02a7bb
  SlideMenuControllerSwift: 9e8d2bba8ea9201c6207acb76e95a2841453ec9c
  SnapKit: a42d492c16e80209130a3379f73596c3454b7694
  SwiftDate: 7b56d42a221f582047287deb256b23fc5ed49a60
  SwiftyJSON: 070dabdcb1beb81b247c65ffa3a79dbbfb3b48aa

PODFILE CHECKSUM: 42a70037be1643dbe94a3f616abbaea04c8839ff

COCOAPODS: 1.2.1
